<?xml version="1.0" encoding="utf-8"?>
<Project ToolsVersion="4.0" xmlns="http://schemas.microsoft.com/developer/msbuild/2003">
  <ItemGroup>
    <Filter Include="Source Files">
      <UniqueIdentifier>{4FC737F1-C7A5-4376-A066-2A32D752A2FF}</UniqueIdentifier>
      <Extensions>cpp;c;cc;cxx;c++;cppm;ixx;def;odl;idl;hpj;bat;asm;asmx</Extensions>
    </Filter>
    <Filter Include="Header Files">
      <UniqueIdentifier>{93995380-89BD-4b04-88EB-625FBE52EBFB}</UniqueIdentifier>
      <Extensions>h;hh;hpp;hxx;h++;hm;inl;inc;ipp;xsd</Extensions>
    </Filter>
    <Filter Include="Resource Files">
      <UniqueIdentifier>{67DA6AB6-F800-4c08-8B7A-83BB121AAD01}</UniqueIdentifier>
      <Extensions>rc;ico;cur;bmp;dlg;rc2;rct;bin;rgs;gif;jpg;jpeg;jpe;resx;tiff;tif;png;wav;mfcribbon-ms</Extensions>
    </Filter>
    <Filter Include="Source Files\Imgui">
      <UniqueIdentifier>{d1106dac-fdcf-4739-abae-d3ab2a7ee621}</UniqueIdentifier>
    </Filter>
    <Filter Include="Source Files\Imgui\backends">
      <UniqueIdentifier>{29ec38ce-1acf-40f3-83cb-eb43b29e7cb6}</UniqueIdentifier>
    </Filter>
    <Filter Include="Resource Files\shaders">
      <UniqueIdentifier>{6f12ddb3-17e2-4301-b2a3-a528ef8cc44d}</UniqueIdentifier>
    </Filter>
    <Filter Include="Source Files\Editor">
      <UniqueIdentifier>{15f2038b-c537-4a37-a670-d5279b937ff7}</UniqueIdentifier>
    </Filter>
    <Filter Include="Source Files\Util">
      <UniqueIdentifier>{1670aebb-8985-4daa-b13c-d2b9948378bc}</UniqueIdentifier>
    </Filter>
    <Filter Include="Header Files\Editor">
      <UniqueIdentifier>{44929770-fe0f-42ca-8b00-27ec079e4e87}</UniqueIdentifier>
    </Filter>
    <Filter Include="Header Files\Utility">
      <UniqueIdentifier>{4a2e4723-9df7-46db-8504-abd58abc1a14}</UniqueIdentifier>
    </Filter>
    <Filter Include="Header Files\Types">
      <UniqueIdentifier>{b3abf555-2401-4926-a2a5-fcde55b08f4a}</UniqueIdentifier>
    </Filter>
  </ItemGroup>
  <ItemGroup>
    <ClCompile Include="main.cpp">
      <Filter>Source Files</Filter>
    </ClCompile>
    <ClCompile Include="MapBuilder.cpp">
      <Filter>Source Files</Filter>
    </ClCompile>
    <ClCompile Include="glad.c">
      <Filter>Source Files</Filter>
    </ClCompile>
    <ClCompile Include="include\imgui\imgui.cpp">
      <Filter>Source Files\Imgui</Filter>
    </ClCompile>
    <ClCompile Include="include\imgui\imgui_demo.cpp">
      <Filter>Source Files\Imgui</Filter>
    </ClCompile>
    <ClCompile Include="include\imgui\imgui_draw.cpp">
      <Filter>Source Files\Imgui</Filter>
    </ClCompile>
    <ClCompile Include="include\imgui\imgui_tables.cpp">
      <Filter>Source Files\Imgui</Filter>
    </ClCompile>
    <ClCompile Include="include\imgui\imgui_widgets.cpp">
      <Filter>Source Files\Imgui</Filter>
    </ClCompile>
    <ClCompile Include="include\imgui\backends\imgui_impl_glfw.cpp">
      <Filter>Source Files\Imgui\backends</Filter>
    </ClCompile>
    <ClCompile Include="include\imgui\backends\imgui_impl_opengl3.cpp">
      <Filter>Source Files\Imgui\backends</Filter>
    </ClCompile>
    <ClCompile Include="MapBuilder.hpp">
      <Filter>Header Files</Filter>
    </ClCompile>
    <ClCompile Include="include\imgui\imgui_stdlib.cpp">
      <Filter>Source Files\Imgui</Filter>
    </ClCompile>
    <ClCompile Include="EditorCommand.cpp">
      <Filter>Source Files\Editor</Filter>
    </ClCompile>
    <ClCompile Include="EditorInterface.cpp">
      <Filter>Source Files\Editor</Filter>
    </ClCompile>
    <ClCompile Include="EditorMap.cpp">
      <Filter>Source Files\Editor</Filter>
    </ClCompile>
    <ClCompile Include="File_Utility.cpp">
      <Filter>Source Files\Util</Filter>
    </ClCompile>
    <ClCompile Include="GL_Utility.cpp">
      <Filter>Source Files\Util</Filter>
    </ClCompile>
    <ClCompile Include="Window.cpp">
      <Filter>Source Files\Util</Filter>
    </ClCompile>
    <ClCompile Include="RendererBase.cpp">
      <Filter>Source Files</Filter>
    </ClCompile>
    <ClCompile Include="EditorRenderer.cpp">
      <Filter>Source Files\Editor</Filter>
    </ClCompile>
  </ItemGroup>
  <ItemGroup>
    <ClInclude Include="EditorCommand.hpp">
      <Filter>Header Files\Editor</Filter>
    </ClInclude>
    <ClInclude Include="EditorInterface.hpp">
      <Filter>Header Files\Editor</Filter>
    </ClInclude>
    <ClInclude Include="EditorMap.hpp">
      <Filter>Header Files\Editor</Filter>
    </ClInclude>
    <ClInclude Include="File_Utility.hpp">
      <Filter>Header Files\Utility</Filter>
    </ClInclude>
    <ClInclude Include="GL_Utility.hpp">
      <Filter>Header Files\Utility</Filter>
    </ClInclude>
    <ClInclude Include="Vec_n.hpp">
      <Filter>Header Files\Types</Filter>
    </ClInclude>
    <ClInclude Include="MapTypes.hpp">
      <Filter>Header Files\Types</Filter>
    </ClInclude>
    <ClInclude Include="Window.hpp">
      <Filter>Header Files\Utility</Filter>
    </ClInclude>
    <ClInclude Include="EditorRenderer.hpp">
      <Filter>Header Files\Editor</Filter>
    </ClInclude>
    <ClInclude Include="RendererBase.hpp">
      <Filter>Header Files</Filter>
    </ClInclude>
  </ItemGroup>
  <ItemGroup>
    <None Include="cpp.hint" />
    <None Include="assets\shaders\render.frag">
      <Filter>Resource Files\shaders</Filter>
    </None>
    <None Include="assets\shaders\render.vert">
      <Filter>Resource Files\shaders</Filter>
    </None>
  </ItemGroup>
</Project>