
Microsoft Visual Studio Solution File, Format Version 12.00
# Visual Studio Version 17
VisualStudioVersion = 17.4.33213.308
MinimumVisualStudioVersion = 10.0.40219.1
Project("{8BC9CEB8-8B4A-11D0-8D11-00A0C91BC942}") = "BoxelGame", "BoxelGame\BoxelGame.vcxproj", "{3945A3AF-0D26-4082-81FD-80D40BF7BF5B}"
EndProject
Project("{8BC9CEB8-8B4A-11D0-8D11-00A0C91BC942}") = "Map Editor", "Map Editor\Map Editor.vcxproj", "{B16BB5EA-0459-4A14-A12B-F08F58ACE532}"
EndProject
Global
	GlobalSection(SolutionConfigurationPlatforms) = preSolution
		Debug|x64 = Debug|x64
		Debug|x86 = Debug|x86
		Release|x64 = Release|x64
		Release|x86 = Release|x86
	EndGlobalSection
	GlobalSection(ProjectConfigurationPlatforms) = postSolution
		{3945A3AF-0D26-4082-81FD-80D40BF7BF5B}.Debug|x64.ActiveCfg = Debug|x64
		{3945A3AF-0D26-4082-81FD-80D40BF7BF5B}.Debug|x64.Build.0 = Debug|x64
		{3945A3AF-0D26-4082-81FD-80D40BF7BF5B}.Debug|x86.ActiveCfg = Debug|Win32
		{3945A3AF-0D26-4082-81FD-80D40BF7BF5B}.Debug|x86.Build.0 = Debug|Win32
		{3945A3AF-0D26-4082-81FD-80D40BF7BF5B}.Release|x64.ActiveCfg = Release|x64
		{3945A3AF-0D26-4082-81FD-80D40BF7BF5B}.Release|x64.Build.0 = Release|x64
		{3945A3AF-0D26-4082-81FD-80D40BF7BF5B}.Release|x86.ActiveCfg = Release|Win32
		{3945A3AF-0D26-4082-81FD-80D40BF7BF5B}.Release|x86.Build.0 = Release|Win32
		{B16BB5EA-0459-4A14-A12B-F08F58ACE532}.Debug|x64.ActiveCfg = Debug|x64
		{B16BB5EA-0459-4A14-A12B-F08F58ACE532}.Debug|x64.Build.0 = Debug|x64
		{B16BB5EA-0459-4A14-A12B-F08F58ACE532}.Debug|x86.ActiveCfg = Debug|Win32
		{B16BB5EA-0459-4A14-A12B-F08F58ACE532}.Debug|x86.Build.0 = Debug|Win32
		{B16BB5EA-0459-4A14-A12B-F08F58ACE532}.Release|x64.ActiveCfg = Release|x64
		{B16BB5EA-0459-4A14-A12B-F08F58ACE532}.Release|x64.Build.0 = Release|x64
		{B16BB5EA-0459-4A14-A12B-F08F58ACE532}.Release|x86.ActiveCfg = Release|Win32
		{B16BB5EA-0459-4A14-A12B-F08F58ACE532}.Release|x86.Build.0 = Release|Win32
	EndGlobalSection
	GlobalSection(SolutionProperties) = preSolution
		HideSolutionNode = FALSE
	EndGlobalSection
	GlobalSection(ExtensibilityGlobals) = postSolution
		SolutionGuid = {6E3C3719-6A3B-4695-838E-0CEA7A5F2BF9}
	EndGlobalSection
EndGlobal
